
Microsoft Visual Studio Solution File, Format Version 12.00
# Visual Studio 14
VisualStudioVersion = 14.0.25420.1
MinimumVisualStudioVersion = 10.0.40219.1
Project("{FAE04EC0-301F-11D3-BF4B-00C04F79EFBC}") = "SocketPractice", "SocketPractice\SocketPractice.csproj", "{CD295508-78C7-4DF5-977C-02271D6637DD}"
EndProject
Project("{FAE04EC0-301F-11D3-BF4B-00C04F79EFBC}") = "SocketPractice.Infrastructure", "SocketPractice.Infrastructure\SocketPractice.Infrastructure.csproj", "{6EDDDDB0-6979-4B37-8C1C-8172BF35AF8D}"
EndProject
Project("{FAE04EC0-301F-11D3-BF4B-00C04F79EFBC}") = "SocketPratice.Client", "SocketPratice.Client\SocketPratice.Client.csproj", "{09A8C1B7-B785-4F06-8127-A57943606CAC}"
EndProject
Project("{FAE04EC0-301F-11D3-BF4B-00C04F79EFBC}") = "SocketPractice.Service", "SocketPractice.Service\SocketPractice.Service.csproj", "{CA61116F-A7FB-4A47-AEF8-FECD5CF4D5DA}"
EndProject
Global
	GlobalSection(SolutionConfigurationPlatforms) = preSolution
		Debug|Any CPU = Debug|Any CPU
		Release|Any CPU = Release|Any CPU
	EndGlobalSection
	GlobalSection(ProjectConfigurationPlatforms) = postSolution
		{CD295508-78C7-4DF5-977C-02271D6637DD}.Debug|Any CPU.ActiveCfg = Debug|Any CPU
		{CD295508-78C7-4DF5-977C-02271D6637DD}.Debug|Any CPU.Build.0 = Debug|Any CPU
		{CD295508-78C7-4DF5-977C-02271D6637DD}.Release|Any CPU.ActiveCfg = Release|Any CPU
		{CD295508-78C7-4DF5-977C-02271D6637DD}.Release|Any CPU.Build.0 = Release|Any CPU
		{6EDDDDB0-6979-4B37-8C1C-8172BF35AF8D}.Debug|Any CPU.ActiveCfg = Debug|Any CPU
		{6EDDDDB0-6979-4B37-8C1C-8172BF35AF8D}.Debug|Any CPU.Build.0 = Debug|Any CPU
		{6EDDDDB0-6979-4B37-8C1C-8172BF35AF8D}.Release|Any CPU.ActiveCfg = Release|Any CPU
		{6EDDDDB0-6979-4B37-8C1C-8172BF35AF8D}.Release|Any CPU.Build.0 = Release|Any CPU
		{09A8C1B7-B785-4F06-8127-A57943606CAC}.Debug|Any CPU.ActiveCfg = Debug|Any CPU
		{09A8C1B7-B785-4F06-8127-A57943606CAC}.Debug|Any CPU.Build.0 = Debug|Any CPU
		{09A8C1B7-B785-4F06-8127-A57943606CAC}.Release|Any CPU.ActiveCfg = Release|Any CPU
		{09A8C1B7-B785-4F06-8127-A57943606CAC}.Release|Any CPU.Build.0 = Release|Any CPU
		{CA61116F-A7FB-4A47-AEF8-FECD5CF4D5DA}.Debug|Any CPU.ActiveCfg = Debug|Any CPU
		{CA61116F-A7FB-4A47-AEF8-FECD5CF4D5DA}.Debug|Any CPU.Build.0 = Debug|Any CPU
		{CA61116F-A7FB-4A47-AEF8-FECD5CF4D5DA}.Release|Any CPU.ActiveCfg = Release|Any CPU
		{CA61116F-A7FB-4A47-AEF8-FECD5CF4D5DA}.Release|Any CPU.Build.0 = Release|Any CPU
	EndGlobalSection
	GlobalSection(SolutionProperties) = preSolution
		HideSolutionNode = FALSE
	EndGlobalSection
EndGlobal
