
Microsoft Visual Studio Solution File, Format Version 12.00
# Visual Studio 14
VisualStudioVersion = 14.0.25420.1
MinimumVisualStudioVersion = 10.0.40219.1
Project("{FAE04EC0-301F-11D3-BF4B-00C04F79EFBC}") = "SocketDemo.FirstService", "SocketDemo.FirstService\SocketDemo.FirstService.csproj", "{0CD4AE52-87AB-4886-A7C5-2829CEEFF5B9}"
EndProject
Project("{FAE04EC0-301F-11D3-BF4B-00C04F79EFBC}") = "SocketDemo.FirstCustomer", "SocketDemo.FirstCustomer\SocketDemo.FirstCustomer.csproj", "{CA1A045A-2914-4781-9CFF-6661A09C6F9C}"
EndProject
Project("{FAE04EC0-301F-11D3-BF4B-00C04F79EFBC}") = "SocketDemo.BasicOfSocket", "SocketDemo.BasicOfSocket\SocketDemo.BasicOfSocket.csproj", "{ECBE578E-B1FA-486A-9ED0-BECA446CED5A}"
EndProject
Project("{FAE04EC0-301F-11D3-BF4B-00C04F79EFBC}") = "SocketDemo.TcpServerEx202", "SocketDemo.TcpServerEx202\SocketDemo.TcpServerEx202.csproj", "{04349E21-6BAF-4F26-98E3-E83B577B4A54}"
EndProject
Project("{FAE04EC0-301F-11D3-BF4B-00C04F79EFBC}") = "SocketDemo.AsyncTcpServerEx204", "SocketDemo.AsyncTcpServerEx204\SocketDemo.AsyncTcpServerEx204.csproj", "{0AA606FC-CA70-4448-8B70-EAE4D3EE110B}"
EndProject
Project("{FAE04EC0-301F-11D3-BF4B-00C04F79EFBC}") = "SocketDemo.AsyncTcpClientEx205", "SocketDemo.AsyncTcpClientEx205\SocketDemo.AsyncTcpClientEx205.csproj", "{EBE0B739-2278-49A5-B42B-194D796BF22A}"
EndProject
Project("{FAE04EC0-301F-11D3-BF4B-00C04F79EFBC}") = "SocketDemo.Sniffer", "SocketDemo.Sniffer\SocketDemo.Sniffer.csproj", "{04564EBF-BB5A-4BA7-B757-FFA923DCF879}"
EndProject
Global
	GlobalSection(SolutionConfigurationPlatforms) = preSolution
		Debug|Any CPU = Debug|Any CPU
		Release|Any CPU = Release|Any CPU
	EndGlobalSection
	GlobalSection(ProjectConfigurationPlatforms) = postSolution
		{0CD4AE52-87AB-4886-A7C5-2829CEEFF5B9}.Debug|Any CPU.ActiveCfg = Debug|Any CPU
		{0CD4AE52-87AB-4886-A7C5-2829CEEFF5B9}.Debug|Any CPU.Build.0 = Debug|Any CPU
		{0CD4AE52-87AB-4886-A7C5-2829CEEFF5B9}.Release|Any CPU.ActiveCfg = Release|Any CPU
		{0CD4AE52-87AB-4886-A7C5-2829CEEFF5B9}.Release|Any CPU.Build.0 = Release|Any CPU
		{CA1A045A-2914-4781-9CFF-6661A09C6F9C}.Debug|Any CPU.ActiveCfg = Debug|Any CPU
		{CA1A045A-2914-4781-9CFF-6661A09C6F9C}.Debug|Any CPU.Build.0 = Debug|Any CPU
		{CA1A045A-2914-4781-9CFF-6661A09C6F9C}.Release|Any CPU.ActiveCfg = Release|Any CPU
		{CA1A045A-2914-4781-9CFF-6661A09C6F9C}.Release|Any CPU.Build.0 = Release|Any CPU
		{ECBE578E-B1FA-486A-9ED0-BECA446CED5A}.Debug|Any CPU.ActiveCfg = Debug|Any CPU
		{ECBE578E-B1FA-486A-9ED0-BECA446CED5A}.Debug|Any CPU.Build.0 = Debug|Any CPU
		{ECBE578E-B1FA-486A-9ED0-BECA446CED5A}.Release|Any CPU.ActiveCfg = Release|Any CPU
		{ECBE578E-B1FA-486A-9ED0-BECA446CED5A}.Release|Any CPU.Build.0 = Release|Any CPU
		{04349E21-6BAF-4F26-98E3-E83B577B4A54}.Debug|Any CPU.ActiveCfg = Debug|Any CPU
		{04349E21-6BAF-4F26-98E3-E83B577B4A54}.Debug|Any CPU.Build.0 = Debug|Any CPU
		{04349E21-6BAF-4F26-98E3-E83B577B4A54}.Release|Any CPU.ActiveCfg = Release|Any CPU
		{04349E21-6BAF-4F26-98E3-E83B577B4A54}.Release|Any CPU.Build.0 = Release|Any CPU
		{0AA606FC-CA70-4448-8B70-EAE4D3EE110B}.Debug|Any CPU.ActiveCfg = Debug|Any CPU
		{0AA606FC-CA70-4448-8B70-EAE4D3EE110B}.Debug|Any CPU.Build.0 = Debug|Any CPU
		{0AA606FC-CA70-4448-8B70-EAE4D3EE110B}.Release|Any CPU.ActiveCfg = Release|Any CPU
		{0AA606FC-CA70-4448-8B70-EAE4D3EE110B}.Release|Any CPU.Build.0 = Release|Any CPU
		{EBE0B739-2278-49A5-B42B-194D796BF22A}.Debug|Any CPU.ActiveCfg = Debug|Any CPU
		{EBE0B739-2278-49A5-B42B-194D796BF22A}.Debug|Any CPU.Build.0 = Debug|Any CPU
		{EBE0B739-2278-49A5-B42B-194D796BF22A}.Release|Any CPU.ActiveCfg = Release|Any CPU
		{EBE0B739-2278-49A5-B42B-194D796BF22A}.Release|Any CPU.Build.0 = Release|Any CPU
		{04564EBF-BB5A-4BA7-B757-FFA923DCF879}.Debug|Any CPU.ActiveCfg = Debug|Any CPU
		{04564EBF-BB5A-4BA7-B757-FFA923DCF879}.Debug|Any CPU.Build.0 = Debug|Any CPU
		{04564EBF-BB5A-4BA7-B757-FFA923DCF879}.Release|Any CPU.ActiveCfg = Release|Any CPU
		{04564EBF-BB5A-4BA7-B757-FFA923DCF879}.Release|Any CPU.Build.0 = Release|Any CPU
	EndGlobalSection
	GlobalSection(SolutionProperties) = preSolution
		HideSolutionNode = FALSE
	EndGlobalSection
EndGlobal
