
Microsoft Visual Studio Solution File, Format Version 12.00
# Visual Studio 14
VisualStudioVersion = 14.0.25420.1
MinimumVisualStudioVersion = 10.0.40219.1
Project("{FAE04EC0-301F-11D3-BF4B-00C04F79EFBC}") = "SocketDemo.FirstService", "SocketDemo.FirstService\SocketDemo.FirstService.csproj", "{0CD4AE52-87AB-4886-A7C5-2829CEEFF5B9}"
EndProject
Project("{FAE04EC0-301F-11D3-BF4B-00C04F79EFBC}") = "SocketDemo.FirstCustomer", "SocketDemo.FirstCustomer\SocketDemo.FirstCustomer.csproj", "{CA1A045A-2914-4781-9CFF-6661A09C6F9C}"
EndProject
Global
	GlobalSection(SolutionConfigurationPlatforms) = preSolution
		Debug|Any CPU = Debug|Any CPU
		Release|Any CPU = Release|Any CPU
	EndGlobalSection
	GlobalSection(ProjectConfigurationPlatforms) = postSolution
		{0CD4AE52-87AB-4886-A7C5-2829CEEFF5B9}.Debug|Any CPU.ActiveCfg = Debug|Any CPU
		{0CD4AE52-87AB-4886-A7C5-2829CEEFF5B9}.Debug|Any CPU.Build.0 = Debug|Any CPU
		{0CD4AE52-87AB-4886-A7C5-2829CEEFF5B9}.Release|Any CPU.ActiveCfg = Release|Any CPU
		{0CD4AE52-87AB-4886-A7C5-2829CEEFF5B9}.Release|Any CPU.Build.0 = Release|Any CPU
		{CA1A045A-2914-4781-9CFF-6661A09C6F9C}.Debug|Any CPU.ActiveCfg = Debug|Any CPU
		{CA1A045A-2914-4781-9CFF-6661A09C6F9C}.Debug|Any CPU.Build.0 = Debug|Any CPU
		{CA1A045A-2914-4781-9CFF-6661A09C6F9C}.Release|Any CPU.ActiveCfg = Release|Any CPU
		{CA1A045A-2914-4781-9CFF-6661A09C6F9C}.Release|Any CPU.Build.0 = Release|Any CPU
	EndGlobalSection
	GlobalSection(SolutionProperties) = preSolution
		HideSolutionNode = FALSE
	EndGlobalSection
EndGlobal
